
Microsoft Visual Studio Solution File, Format Version 12.00
# Visual Studio Version 17
VisualStudioVersion = 17.0.32112.339
MinimumVisualStudioVersion = 10.0.40219.1
Project("{FAE04EC0-301F-11D3-BF4B-00C04F79EFBC}") = "RandTester", "RandTester.csproj", "{47E554CE-4646-4EEE-93B3-8C9472FBB13C}"
EndProject
Global
	GlobalSection(SolutionConfigurationPlatforms) = preSolution
		Debug|Any CPU = Debug|Any CPU
		Release|Any CPU = Release|Any CPU
	EndGlobalSection
	GlobalSection(ProjectConfigurationPlatforms) = postSolution
		{47E554CE-4646-4EEE-93B3-8C9472FBB13C}.Debug|Any CPU.ActiveCfg = Debug|Any CPU
		{47E554CE-4646-4EEE-93B3-8C9472FBB13C}.Debug|Any CPU.Build.0 = Debug|Any CPU
		{47E554CE-4646-4EEE-93B3-8C9472FBB13C}.Release|Any CPU.ActiveCfg = Release|Any CPU
		{47E554CE-4646-4EEE-93B3-8C9472FBB13C}.Release|Any CPU.Build.0 = Release|Any CPU
	EndGlobalSection
	GlobalSection(SolutionProperties) = preSolution
		HideSolutionNode = FALSE
	EndGlobalSection
	GlobalSection(ExtensibilityGlobals) = postSolution
		SolutionGuid = {AADA6502-C8CF-420E-AE99-C443DF2F8F1F}
	EndGlobalSection
EndGlobal
